
Microsoft Visual Studio Solution File, Format Version 12.00
# Visual Studio Version 17
VisualStudioVersion = 17.14.36408.4 d17.14
MinimumVisualStudioVersion = 10.0.40219.1
Project("{FAE04EC0-301F-11D3-BF4B-00C04F79EFBC}") = "Tatehama_tetudou_denwa_PCclient", "Tatehama_tetudou_denwa_PCclient.csproj", "{E437370E-0ED2-9239-1BD4-EF6EC7BCF357}"
EndProject
Global
	GlobalSection(SolutionConfigurationPlatforms) = preSolution
		Debug|Any CPU = Debug|Any CPU
		Release|Any CPU = Release|Any CPU
	EndGlobalSection
	GlobalSection(ProjectConfigurationPlatforms) = postSolution
		{E437370E-0ED2-9239-1BD4-EF6EC7BCF357}.Debug|Any CPU.ActiveCfg = Debug|Any CPU
		{E437370E-0ED2-9239-1BD4-EF6EC7BCF357}.Debug|Any CPU.Build.0 = Debug|Any CPU
		{E437370E-0ED2-9239-1BD4-EF6EC7BCF357}.Release|Any CPU.ActiveCfg = Release|Any CPU
		{E437370E-0ED2-9239-1BD4-EF6EC7BCF357}.Release|Any CPU.Build.0 = Release|Any CPU
	EndGlobalSection
	GlobalSection(SolutionProperties) = preSolution
		HideSolutionNode = FALSE
	EndGlobalSection
	GlobalSection(ExtensibilityGlobals) = postSolution
		SolutionGuid = {8A69DA91-D11A-46A7-8D3C-01264FD71CAF}
	EndGlobalSection
EndGlobal
